
Microsoft Visual Studio Solution File, Format Version 12.00
# Visual Studio Version 17
VisualStudioVersion = 17.12.35209.166
MinimumVisualStudioVersion = 10.0.40219.1
Project("{FAE04EC0-301F-11D3-BF4B-00C04F79EFBC}") = "Wordpad++", "Wordpad++.csproj", "{D32D4B66-6C8D-4C9B-AE2D-0F0A997B7F8E}"
EndProject
Global
	GlobalSection(SolutionConfigurationPlatforms) = preSolution
		Debug|Any CPU = Debug|Any CPU
		Release|Any CPU = Release|Any CPU
	EndGlobalSection
	GlobalSection(ProjectConfigurationPlatforms) = postSolution
		{D32D4B66-6C8D-4C9B-AE2D-0F0A997B7F8E}.Debug|Any CPU.ActiveCfg = Debug|Any CPU
		{D32D4B66-6C8D-4C9B-AE2D-0F0A997B7F8E}.Debug|Any CPU.Build.0 = Debug|Any CPU
		{D32D4B66-6C8D-4C9B-AE2D-0F0A997B7F8E}.Release|Any CPU.ActiveCfg = Release|Any CPU
		{D32D4B66-6C8D-4C9B-AE2D-0F0A997B7F8E}.Release|Any CPU.Build.0 = Release|Any CPU
	EndGlobalSection
	GlobalSection(SolutionProperties) = preSolution
		HideSolutionNode = FALSE
	EndGlobalSection
	GlobalSection(ExtensibilityGlobals) = postSolution
		SolutionGuid = {A9E11A29-5A0F-4909-9115-A52DF0ED6EF9}
	EndGlobalSection
EndGlobal
